// !$*UTF8*$!
{ archiveVersion = 1; classes = {}; objectVersion = 56; objects = {
00F209874A1F7309F6DCEAA7 = { isa = XCBuildConfiguration; name = Release; buildSettings = { SWIFT_VERSION = 5.0; CLANG_ENABLE_MODULES = YES; }; };
04DA1A53B1F0E3B048F79A55 = { isa = PBXNativeTarget; buildConfigurationList = E270151F2F20618A7EBB2D5C; buildPhases = (0D1BC94D06604B9AEEA58529, 3D7F7B8E19F9498FB317F5FD, 0CBC2577F7479517976A6819,); buildRules = (); dependencies = (); name = MusicSynciOS; packageProductDependencies = (B87988323F897C9E4EFF54A2,); productName = "MusicSync-iOS"; productReference = 675189A2D2B20CFE9D21C239; productType = "com.apple.product-type.application"; };
0B299B52FC63A27DBA5AD772 = { isa = PBXBuildFile; fileRef = 4DA39684E4060F2C2D1D84DD; };
0CBC2577F7479517976A6819 = { isa = PBXResourcesBuildPhase; buildActionMask = 2147483647; files = (); runOnlyForDeploymentPostprocessing = 0; };
0D1BC94D06604B9AEEA58529 = { isa = PBXSourcesBuildPhase; buildActionMask = 2147483647; files = (9282494C3E43E0B05FF89C78, 0B299B52FC63A27DBA5AD772, 343B580B72B71B0800A3EA18,); runOnlyForDeploymentPostprocessing = 0; };
1516F36D32D686B8F6AFC11B = { isa = XCBuildConfiguration; name = Debug; buildSettings = { PRODUCT_NAME = "MusicSync-iOS"; PRODUCT_BUNDLE_IDENTIFIER = "dev.acops.MusicSync.iOS"; INFOPLIST_FILE = "iOS/MusicSynciOS/Info.plist"; CODE_SIGN_ENTITLEMENTS = "iOS/MusicSynciOS/MusicSync.entitlements"; CODE_SIGN_STYLE = "Automatic"; SWIFT_VERSION = "5.0"; SWIFT_STRICT_CONCURRENCY = "minimal"; GENERATE_INFOPLIST_FILE = "NO"; CURRENT_PROJECT_VERSION = "1"; MARKETING_VERSION = "0.1.0"; ENABLE_USER_SCRIPT_SANDBOXING = "YES"; SWIFT_OPTIMIZATION_LEVEL = "-Onone"; SDKROOT = "iphoneos"; SUPPORTED_PLATFORMS = "iphoneos iphonesimulator"; LD_RUNPATH_SEARCH_PATHS = "$(inherited) @executable_path/Frameworks"; DEBUG_INFORMATION_FORMAT = "dwarf"; IPHONEOS_DEPLOYMENT_TARGET = "26.0"; TARGETED_DEVICE_FAMILY = "1,2"; SUPPORTS_MACCATALYST = "NO"; }; };
2E2A36B10B38B6D6B0D0F99E = { isa = PBXBuildFile; productRef = B87988323F897C9E4EFF54A2; };
325F10A6957A34D66CB8C0E4 = { isa = PBXGroup; children = (9A8C4EEDBC4D7F9480D9B76F, DCE08F7271932CA0456E2AAB, FBDC4F23F93125BBEEAE800C,); sourceTree = "<group>"; };
343B580B72B71B0800A3EA18 = { isa = PBXBuildFile; fileRef = 454D7185058F24EDDDC27C2A; };
3D7F7B8E19F9498FB317F5FD = { isa = PBXFrameworksBuildPhase; buildActionMask = 2147483647; files = (2E2A36B10B38B6D6B0D0F99E,); runOnlyForDeploymentPostprocessing = 0; };
454D7185058F24EDDDC27C2A = { isa = PBXFileReference; lastKnownFileType = sourcecode.swift; path = "AppShared/PCMPlayer.swift"; sourceTree = SOURCE_ROOT; };
4DA39684E4060F2C2D1D84DD = { isa = PBXFileReference; lastKnownFileType = sourcecode.swift; path = "iOS/MusicSynciOS/MusicSynciOSApp.swift"; sourceTree = SOURCE_ROOT; };
582681C2EAE02B3F3D399C0C = { isa = XCLocalSwiftPackageReference; relativePath = Shared/MusicSyncCore; };
58AA90C12A05D13CC0530497 = { isa = PBXBuildFile; fileRef = 5C0B811C3F4C91B6335A83CC; };
5C0B811C3F4C91B6335A83CC = { isa = PBXFileReference; lastKnownFileType = sourcecode.swift; path = "macOS/MusicSyncMac/MusicSyncMacApp.swift"; sourceTree = SOURCE_ROOT; };
64C49F0A31A62EE812570DCB = { isa = XCBuildConfiguration; name = Release; buildSettings = { PRODUCT_NAME = "MusicSync-iOS"; PRODUCT_BUNDLE_IDENTIFIER = "dev.acops.MusicSync.iOS"; INFOPLIST_FILE = "iOS/MusicSynciOS/Info.plist"; CODE_SIGN_ENTITLEMENTS = "iOS/MusicSynciOS/MusicSync.entitlements"; CODE_SIGN_STYLE = "Automatic"; SWIFT_VERSION = "5.0"; SWIFT_STRICT_CONCURRENCY = "minimal"; GENERATE_INFOPLIST_FILE = "NO"; CURRENT_PROJECT_VERSION = "1"; MARKETING_VERSION = "0.1.0"; ENABLE_USER_SCRIPT_SANDBOXING = "YES"; SWIFT_OPTIMIZATION_LEVEL = "-O"; SDKROOT = "iphoneos"; SUPPORTED_PLATFORMS = "iphoneos iphonesimulator"; LD_RUNPATH_SEARCH_PATHS = "$(inherited) @executable_path/Frameworks"; DEBUG_INFORMATION_FORMAT = "dwarf-with-dsym"; IPHONEOS_DEPLOYMENT_TARGET = "26.0"; TARGETED_DEVICE_FAMILY = "1,2"; SUPPORTS_MACCATALYST = "NO"; }; };
675189A2D2B20CFE9D21C239 = { isa = PBXFileReference; explicitFileType = wrapper.application; includeInIndex = 0; path = "MusicSync-iOS.app"; sourceTree = BUILT_PRODUCTS_DIR; };
680E9E75B352F72AA26B0A35 = { isa = PBXFileReference; explicitFileType = wrapper.application; includeInIndex = 0; path = "MusicSync-macOS.app"; sourceTree = BUILT_PRODUCTS_DIR; };
690F0E6CD02295D1E36765B8 = { isa = PBXBuildFile; fileRef = A8C22444D1B6D5FB749C7446; };
75CD6571CBE61858B725B1DD = { isa = XCBuildConfiguration; name = Debug; buildSettings = { PRODUCT_NAME = "MusicSync-macOS"; PRODUCT_BUNDLE_IDENTIFIER = "dev.acops.MusicSync.macOS"; INFOPLIST_FILE = "macOS/MusicSyncMac/Info.plist"; CODE_SIGN_ENTITLEMENTS = "macOS/MusicSyncMac/MusicSync.entitlements"; CODE_SIGN_STYLE = "Automatic"; SWIFT_VERSION = "5.0"; SWIFT_STRICT_CONCURRENCY = "minimal"; GENERATE_INFOPLIST_FILE = "NO"; CURRENT_PROJECT_VERSION = "1"; MARKETING_VERSION = "0.1.0"; ENABLE_USER_SCRIPT_SANDBOXING = "YES"; SWIFT_OPTIMIZATION_LEVEL = "-Onone"; SDKROOT = "macosx"; SUPPORTED_PLATFORMS = "macosx"; LD_RUNPATH_SEARCH_PATHS = "$(inherited) @executable_path/../Frameworks"; DEBUG_INFORMATION_FORMAT = "dwarf"; MACOSX_DEPLOYMENT_TARGET = "26.0"; ENABLE_APP_SANDBOX = "NO"; ENABLE_HARDENED_RUNTIME = "YES"; }; };
794D8BD14D42B46AE65B3525 = { isa = PBXResourcesBuildPhase; buildActionMask = 2147483647; files = (); runOnlyForDeploymentPostprocessing = 0; };
797B063804030C7F5FD1B593 = { isa = PBXFrameworksBuildPhase; buildActionMask = 2147483647; files = (CD369600C01DA907AFB8D4E2,); runOnlyForDeploymentPostprocessing = 0; };
8A6FF1E91ED647067BBCAFF2 = { isa = XCSwiftPackageProductDependency; productName = MusicSyncCore; };
90061A5F4E19D1411B425E01 = { isa = XCConfigurationList; buildConfigurations = (ED8772ADEC3A6C25161BC957, 00F209874A1F7309F6DCEAA7,); defaultConfigurationIsVisible = 0; defaultConfigurationName = Release; };
9282494C3E43E0B05FF89C78 = { isa = PBXBuildFile; fileRef = F847F455A920513A54DCA490; };
98F54143AB4E86B28C3AFEE0 = { isa = PBXProject; attributes = { BuildIndependentTargetsInParallel = YES; LastUpgradeCheck = 2600; }; buildConfigurationList = 90061A5F4E19D1411B425E01; compatibilityVersion = "Xcode 14.0"; developmentRegion = en; hasScannedForEncodings = 0; knownRegions = (en, Base); mainGroup = 325F10A6957A34D66CB8C0E4; productRefGroup = FBDC4F23F93125BBEEAE800C; projectDirPath = ""; projectRoot = ""; packageReferences = (582681C2EAE02B3F3D399C0C,); targets = (AD99E148EF270E650E50579E, 04DA1A53B1F0E3B048F79A55,); };
9A8C4EEDBC4D7F9480D9B76F = { isa = PBXGroup; name = MusicSyncMac; children = (F8830B944BC65201F4C5E0A9, A8C22444D1B6D5FB749C7446, 5C0B811C3F4C91B6335A83CC, BB529FE20F5FB61F25FD8CA2,); sourceTree = "<group>"; };
A1397FB83954D884E45D7019 = { isa = XCConfigurationList; buildConfigurations = (75CD6571CBE61858B725B1DD, E887A3A1D40C2053B9B72CD7,); defaultConfigurationIsVisible = 0; defaultConfigurationName = Release; };
A8C22444D1B6D5FB749C7446 = { isa = PBXFileReference; lastKnownFileType = sourcecode.swift; path = "macOS/MusicSyncMac/HostModel.swift"; sourceTree = SOURCE_ROOT; };
AD99E148EF270E650E50579E = { isa = PBXNativeTarget; buildConfigurationList = A1397FB83954D884E45D7019; buildPhases = (C592042E65F200FC553D0E27, 797B063804030C7F5FD1B593, 794D8BD14D42B46AE65B3525,); buildRules = (); dependencies = (); name = MusicSyncMac; packageProductDependencies = (8A6FF1E91ED647067BBCAFF2,); productName = "MusicSync-macOS"; productReference = 680E9E75B352F72AA26B0A35; productType = "com.apple.product-type.application"; };
B87988323F897C9E4EFF54A2 = { isa = XCSwiftPackageProductDependency; productName = MusicSyncCore; };
BB529FE20F5FB61F25FD8CA2 = { isa = PBXFileReference; lastKnownFileType = sourcecode.swift; path = "AppShared/PCMPlayer.swift"; sourceTree = SOURCE_ROOT; };
C52A8B472931D0868B2AF40A = { isa = PBXBuildFile; fileRef = BB529FE20F5FB61F25FD8CA2; };
C592042E65F200FC553D0E27 = { isa = PBXSourcesBuildPhase; buildActionMask = 2147483647; files = (F854D7D85B6DE08AF4D5F7CB, 690F0E6CD02295D1E36765B8, 58AA90C12A05D13CC0530497, C52A8B472931D0868B2AF40A,); runOnlyForDeploymentPostprocessing = 0; };
CD369600C01DA907AFB8D4E2 = { isa = PBXBuildFile; productRef = 8A6FF1E91ED647067BBCAFF2; };
DCE08F7271932CA0456E2AAB = { isa = PBXGroup; name = MusicSynciOS; children = (F847F455A920513A54DCA490, 4DA39684E4060F2C2D1D84DD, 454D7185058F24EDDDC27C2A,); sourceTree = "<group>"; };
E270151F2F20618A7EBB2D5C = { isa = XCConfigurationList; buildConfigurations = (1516F36D32D686B8F6AFC11B, 64C49F0A31A62EE812570DCB,); defaultConfigurationIsVisible = 0; defaultConfigurationName = Release; };
E887A3A1D40C2053B9B72CD7 = { isa = XCBuildConfiguration; name = Release; buildSettings = { PRODUCT_NAME = "MusicSync-macOS"; PRODUCT_BUNDLE_IDENTIFIER = "dev.acops.MusicSync.macOS"; INFOPLIST_FILE = "macOS/MusicSyncMac/Info.plist"; CODE_SIGN_ENTITLEMENTS = "macOS/MusicSyncMac/MusicSync.entitlements"; CODE_SIGN_STYLE = "Automatic"; SWIFT_VERSION = "5.0"; SWIFT_STRICT_CONCURRENCY = "minimal"; GENERATE_INFOPLIST_FILE = "NO"; CURRENT_PROJECT_VERSION = "1"; MARKETING_VERSION = "0.1.0"; ENABLE_USER_SCRIPT_SANDBOXING = "YES"; SWIFT_OPTIMIZATION_LEVEL = "-O"; SDKROOT = "macosx"; SUPPORTED_PLATFORMS = "macosx"; LD_RUNPATH_SEARCH_PATHS = "$(inherited) @executable_path/../Frameworks"; DEBUG_INFORMATION_FORMAT = "dwarf-with-dsym"; MACOSX_DEPLOYMENT_TARGET = "26.0"; ENABLE_APP_SANDBOX = "NO"; ENABLE_HARDENED_RUNTIME = "YES"; }; };
ED8772ADEC3A6C25161BC957 = { isa = XCBuildConfiguration; name = Debug; buildSettings = { SWIFT_VERSION = 5.0; CLANG_ENABLE_MODULES = YES; }; };
F847F455A920513A54DCA490 = { isa = PBXFileReference; lastKnownFileType = sourcecode.swift; path = "iOS/MusicSynciOS/ClientModel.swift"; sourceTree = SOURCE_ROOT; };
F854D7D85B6DE08AF4D5F7CB = { isa = PBXBuildFile; fileRef = F8830B944BC65201F4C5E0A9; };
F8830B944BC65201F4C5E0A9 = { isa = PBXFileReference; lastKnownFileType = sourcecode.swift; path = "macOS/MusicSyncMac/Capture.swift"; sourceTree = SOURCE_ROOT; };
FBDC4F23F93125BBEEAE800C = { isa = PBXGroup; name = Products; children = (680E9E75B352F72AA26B0A35, 675189A2D2B20CFE9D21C239,); sourceTree = "<group>"; };
}; rootObject = 98F54143AB4E86B28C3AFEE0; }
