// !$*UTF8*$!
{ archiveVersion = 1; classes = {}; objectVersion = 56; objects = {
00F209874A1F7309F6DCEAA7 = { isa = XCBuildConfiguration; name = Release; buildSettings = { SWIFT_VERSION = 5.0; CLANG_ENABLE_MODULES = YES; }; };
04DA1A53B1F0E3B048F79A55 = { isa = PBXNativeTarget; buildConfigurationList = E270151F2F20618A7EBB2D5C; buildPhases = (0D1BC94D06604B9AEEA58529, 3D7F7B8E19F9498FB317F5FD, 0CBC2577F7479517976A6819, E402E7EE51E91AD6C8291750,); buildRules = (); dependencies = (E9007F26358084BC178B89FA,); name = MusicSynciOS; packageProductDependencies = (B87988323F897C9E4EFF54A2,); productName = "MusicSync-iOS"; productReference = 675189A2D2B20CFE9D21C239; productType = "com.apple.product-type.application"; };
06F58C526AF9FF3870DF5486 = { isa = PBXFrameworksBuildPhase; buildActionMask = 2147483647; files = (); runOnlyForDeploymentPostprocessing = 0; };
078A4DA95FF2934EFCA5BC58 = { isa = PBXFileReference; lastKnownFileType = text.plist.strings; name = en; path = "AppShared/Resources/en.lproj/Localizable.strings"; sourceTree = SOURCE_ROOT; };
0B299B52FC63A27DBA5AD772 = { isa = PBXBuildFile; fileRef = 4DA39684E4060F2C2D1D84DD; };
0CBC2577F7479517976A6819 = { isa = PBXResourcesBuildPhase; buildActionMask = 2147483647; files = (534F9226E18D67CBF30D90E0, 3D956BEE63CC75F7DED480FF, 104468D3BE9D8D6696E24984, DDA134DB85FCE4510F209389,); runOnlyForDeploymentPostprocessing = 0; };
0D1BC94D06604B9AEEA58529 = { isa = PBXSourcesBuildPhase; buildActionMask = 2147483647; files = (B910D47EC83A93CEF489DE74, 0B299B52FC63A27DBA5AD772, 70928CB170EF505188650CBF, E06F4DC4AC427382C711E3A5, 14EC22272FB371A2615C0DC3, E33B499267C2F005C567642A, EE667E6736232EAAF8369796, 8B211071CDD1F0A63521E13B, 88344038FE4DCE838E1608B9, E78565E89675F6D872D2055E, D545B83D9AD80CD807E32E56, 636FA6DD8EFFD96D188A9A5F, 25F9CDE0AAEA08905D22A153, DF74DDDF6915F8D343174255, 343B580B72B71B0800A3EA18, 9178DAFEEDF37470EC4C5B9A, 4BCCCF8AEC293EF3A612DDF4,); runOnlyForDeploymentPostprocessing = 0; };
0E26D91D2817B26C9EDE5ECB = { isa = PBXBuildFile; fileRef = F6B7FCF86C3F9AD93B80DE89; };
103B021A7316F8D4FB8A74AF = { isa = PBXFileReference; lastKnownFileType = sourcecode.swift; path = "AppShared/LiveAttributes.swift"; sourceTree = SOURCE_ROOT; };
104468D3BE9D8D6696E24984 = { isa = PBXBuildFile; fileRef = 1D15CB23DD04D699187425C8; };
118812DE25BAD74BDB96B4AE = { isa = PBXFileReference; lastKnownFileType = text.plist.strings; name = en; path = "AppShared/Resources/en.lproj/Localizable.strings"; sourceTree = SOURCE_ROOT; };
142FBB910F7C05F17BF7985F = { isa = PBXFileReference; lastKnownFileType = text; path = LICENSE; sourceTree = SOURCE_ROOT; };
14EC22272FB371A2615C0DC3 = { isa = PBXBuildFile; fileRef = BF43E4008AF50F434B09DAA6; };
1516F36D32D686B8F6AFC11B = { isa = XCBuildConfiguration; name = Debug; buildSettings = { PRODUCT_NAME = "MusicSync-iOS"; PRODUCT_BUNDLE_IDENTIFIER = "dev.acops.MusicSync.iOS"; INFOPLIST_FILE = "iOS/MusicSynciOS/Info.plist"; CODE_SIGN_ENTITLEMENTS = "iOS/MusicSynciOS/MusicSync.entitlements"; CODE_SIGN_STYLE = "Automatic"; SWIFT_VERSION = "5.0"; SWIFT_STRICT_CONCURRENCY = "minimal"; GENERATE_INFOPLIST_FILE = "NO"; CURRENT_PROJECT_VERSION = "5"; MARKETING_VERSION = "0.4.1"; ENABLE_USER_SCRIPT_SANDBOXING = "YES"; SWIFT_OPTIMIZATION_LEVEL = "-Onone"; SDKROOT = "iphoneos"; SUPPORTED_PLATFORMS = "iphoneos iphonesimulator"; LD_RUNPATH_SEARCH_PATHS = "$(inherited) @executable_path/Frameworks"; DEBUG_INFORMATION_FORMAT = "dwarf"; IPHONEOS_DEPLOYMENT_TARGET = "26.0"; TARGETED_DEVICE_FAMILY = "1,2"; SUPPORTS_MACCATALYST = "NO"; }; };
1D15CB23DD04D699187425C8 = { isa = PBXFileReference; lastKnownFileType = text; path = LICENSE; sourceTree = SOURCE_ROOT; };
1F0CDF9455FF3F5A901F4F56 = { isa = PBXFileReference; lastKnownFileType = text.plist.strings; name = en; path = "AppShared/Resources/en.lproj/Localizable.strings"; sourceTree = SOURCE_ROOT; };
215DC145D1376D93685D7BE1 = { isa = PBXBuildFile; fileRef = C0346031C4527F3EFA07E204; };
24513AFB7B7F58BA972DAB79 = { isa = PBXFileReference; lastKnownFileType = sourcecode.swift; path = "AppShared/LocalAddress.swift"; sourceTree = SOURCE_ROOT; };
25F9CDE0AAEA08905D22A153 = { isa = PBXBuildFile; fileRef = 58D47A329C2AFFE8C771AB03; };
2753CAF16C08B2BED5974F05 = { isa = PBXFileReference; lastKnownFileType = sourcecode.swift; path = "AppShared/HostModel.swift"; sourceTree = SOURCE_ROOT; };
2B35597B0898E5625A32CF47 = { isa = PBXResourcesBuildPhase; buildActionMask = 2147483647; files = (BEE048368C1EE11A01468DF8, 5A115C3BD5789B9A7F1EFE16,); runOnlyForDeploymentPostprocessing = 0; };
2C29A14C3CA0B2CAC74865EB = { isa = PBXBuildFile; fileRef = 142FBB910F7C05F17BF7985F; };
2E2A36B10B38B6D6B0D0F99E = { isa = PBXBuildFile; productRef = B87988323F897C9E4EFF54A2; };
30073A83D58C85421FCC59F0 = { isa = PBXFileReference; lastKnownFileType = text.plist.strings; name = ko; path = "AppShared/Resources/ko.lproj/InfoPlist.strings"; sourceTree = SOURCE_ROOT; };
325F10A6957A34D66CB8C0E4 = { isa = PBXGroup; children = (9A8C4EEDBC4D7F9480D9B76F, D6F2AD20C07C50CEEBE21670, 8A33423C1361BE22C051E6A7, 142FBB910F7C05F17BF7985F, C0346031C4527F3EFA07E204, DCE08F7271932CA0456E2AAB, 9499F574B72F608B710A176A, CF17BB64F055A2EE9E90A359, 1D15CB23DD04D699187425C8, 64D2BED8EC2F919BD6EA0AE7, 4E5DAC89D95090B4712DBDF5, 50FA303819983CBF3073E109, D6B1C22D5DB94CB96B989E79, FBDC4F23F93125BBEEAE800C,); sourceTree = "<group>"; };
343B580B72B71B0800A3EA18 = { isa = PBXBuildFile; fileRef = 454D7185058F24EDDDC27C2A; };
355651A52F69E0302704D57C = { isa = PBXBuildFile; fileRef = 5CE233748D6D16A80655A981; };
3635C4C68846258DC7F662BF = { isa = PBXFileReference; lastKnownFileType = sourcecode.swift; path = "AppShared/SpeakerLayout.swift"; sourceTree = SOURCE_ROOT; };
37D10FDC145676CCC9CE10A1 = { isa = PBXFileReference; lastKnownFileType = sourcecode.swift; path = "AppShared/LiveActivityCoordinator.swift"; sourceTree = SOURCE_ROOT; };
3CA6A84EAF535B571B073F78 = { isa = PBXSourcesBuildPhase; buildActionMask = 2147483647; files = (355651A52F69E0302704D57C, 843D7A3EBE8D00192D15195F, BED9A8B7EB22AA191F052778,); runOnlyForDeploymentPostprocessing = 0; };
3D7F7B8E19F9498FB317F5FD = { isa = PBXFrameworksBuildPhase; buildActionMask = 2147483647; files = (2E2A36B10B38B6D6B0D0F99E,); runOnlyForDeploymentPostprocessing = 0; };
3D956BEE63CC75F7DED480FF = { isa = PBXBuildFile; fileRef = CF17BB64F055A2EE9E90A359; };
42AB3C36C8520618FBB952BE = { isa = PBXFileReference; lastKnownFileType = text.plist.strings; name = en; path = "AppShared/Resources/en.lproj/InfoPlist.strings"; sourceTree = SOURCE_ROOT; };
454D7185058F24EDDDC27C2A = { isa = PBXFileReference; lastKnownFileType = sourcecode.swift; path = "AppShared/PCMPlayer.swift"; sourceTree = SOURCE_ROOT; };
4815B5116AA66A2BEF3C490B = { isa = PBXFileReference; lastKnownFileType = sourcecode.swift; path = "AppShared/Localization.swift"; sourceTree = SOURCE_ROOT; };
4BCCCF8AEC293EF3A612DDF4 = { isa = PBXBuildFile; fileRef = 98BC44F3275E2CF5251186F5; };
4DA39684E4060F2C2D1D84DD = { isa = PBXFileReference; lastKnownFileType = sourcecode.swift; path = "iOS/MusicSynciOS/MusicSynciOSApp.swift"; sourceTree = SOURCE_ROOT; };
4E09D233EAB29B024E9D5F2F = { isa = PBXBuildFile; fileRef = EBDFAE70FB729E97C603F46A; };
4E5DAC89D95090B4712DBDF5 = { isa = PBXGroup; name = MusicSyncWidgets; children = (5CE233748D6D16A80655A981, 103B021A7316F8D4FB8A74AF, 4815B5116AA66A2BEF3C490B,); sourceTree = "<group>"; };
50FA303819983CBF3073E109 = { isa = PBXVariantGroup; name = Localizable.strings; children = (118812DE25BAD74BDB96B4AE, 577DB5F040CDBFFE91DA8922,); sourceTree = "<group>"; };
534F9226E18D67CBF30D90E0 = { isa = PBXBuildFile; fileRef = 9499F574B72F608B710A176A; };
577DB5F040CDBFFE91DA8922 = { isa = PBXFileReference; lastKnownFileType = text.plist.strings; name = ko; path = "AppShared/Resources/ko.lproj/Localizable.strings"; sourceTree = SOURCE_ROOT; };
582681C2EAE02B3F3D399C0C = { isa = XCLocalSwiftPackageReference; relativePath = Shared/MusicSyncCore; };
58AA90C12A05D13CC0530497 = { isa = PBXBuildFile; fileRef = 5C0B811C3F4C91B6335A83CC; };
58D47A329C2AFFE8C771AB03 = { isa = PBXFileReference; lastKnownFileType = sourcecode.swift; path = "AppShared/Localization.swift"; sourceTree = SOURCE_ROOT; };
5A115C3BD5789B9A7F1EFE16 = { isa = PBXBuildFile; fileRef = D6B1C22D5DB94CB96B989E79; };
5B396C8D4696298BA4EBF011 = { isa = PBXBuildFile; fileRef = 9D0585899393405FA4B81CEF; };
5BB26C36F2903BA2F8E19DB9 = { isa = PBXFileReference; lastKnownFileType = text.plist.strings; name = ko; path = "AppShared/Resources/ko.lproj/Localizable.strings"; sourceTree = SOURCE_ROOT; };
5C0B811C3F4C91B6335A83CC = { isa = PBXFileReference; lastKnownFileType = sourcecode.swift; path = "macOS/MusicSyncMac/MusicSyncMacApp.swift"; sourceTree = SOURCE_ROOT; };
5CE233748D6D16A80655A981 = { isa = PBXFileReference; lastKnownFileType = sourcecode.swift; path = "iOS/MusicSyncWidgets/MusicSyncWidgets.swift"; sourceTree = SOURCE_ROOT; };
6095B267D47593C0E451A73F = { isa = PBXFileReference; lastKnownFileType = text.plist.strings; name = ko; path = "AppShared/Resources/ko.lproj/InfoPlist.strings"; sourceTree = SOURCE_ROOT; };
631A8428EE6FFC1A5E247374 = { isa = PBXFileReference; lastKnownFileType = sourcecode.swift; path = "AppShared/LiveActivityCoordinator.swift"; sourceTree = SOURCE_ROOT; };
636FA6DD8EFFD96D188A9A5F = { isa = PBXBuildFile; fileRef = B5C32C975FCF3BC1F3FF2068; };
6389F554FE31588D567BB196 = { isa = PBXFileReference; explicitFileType = "wrapper.app-extension"; includeInIndex = 0; path = "MusicSyncWidgets.appex"; sourceTree = BUILT_PRODUCTS_DIR; };
63E563821885E002907BEC5B = { isa = PBXFileReference; lastKnownFileType = text.plist.strings; name = ko; path = "AppShared/Resources/ko.lproj/InfoPlist.strings"; sourceTree = SOURCE_ROOT; };
6474500F6B5D1F314965E9A3 = { isa = PBXFileReference; lastKnownFileType = sourcecode.swift; path = "AppShared/ClientModel.swift"; sourceTree = SOURCE_ROOT; };
64C49F0A31A62EE812570DCB = { isa = XCBuildConfiguration; name = Release; buildSettings = { PRODUCT_NAME = "MusicSync-iOS"; PRODUCT_BUNDLE_IDENTIFIER = "dev.acops.MusicSync.iOS"; INFOPLIST_FILE = "iOS/MusicSynciOS/Info.plist"; CODE_SIGN_ENTITLEMENTS = "iOS/MusicSynciOS/MusicSync.entitlements"; CODE_SIGN_STYLE = "Automatic"; SWIFT_VERSION = "5.0"; SWIFT_STRICT_CONCURRENCY = "minimal"; GENERATE_INFOPLIST_FILE = "NO"; CURRENT_PROJECT_VERSION = "5"; MARKETING_VERSION = "0.4.1"; ENABLE_USER_SCRIPT_SANDBOXING = "YES"; SWIFT_OPTIMIZATION_LEVEL = "-O"; SDKROOT = "iphoneos"; SUPPORTED_PLATFORMS = "iphoneos iphonesimulator"; LD_RUNPATH_SEARCH_PATHS = "$(inherited) @executable_path/Frameworks"; DEBUG_INFORMATION_FORMAT = "dwarf-with-dsym"; IPHONEOS_DEPLOYMENT_TARGET = "26.0"; TARGETED_DEVICE_FAMILY = "1,2"; SUPPORTS_MACCATALYST = "NO"; }; };
64D2BED8EC2F919BD6EA0AE7 = { isa = PBXFileReference; lastKnownFileType = text; path = NOTICE; sourceTree = SOURCE_ROOT; };
675189A2D2B20CFE9D21C239 = { isa = PBXFileReference; explicitFileType = wrapper.application; includeInIndex = 0; path = "MusicSync-iOS.app"; sourceTree = BUILT_PRODUCTS_DIR; };
67A0BCBE59755D22F93F1700 = { isa = PBXBuildFile; fileRef = D6F2AD20C07C50CEEBE21670; };
680E9E75B352F72AA26B0A35 = { isa = PBXFileReference; explicitFileType = wrapper.application; includeInIndex = 0; path = "MusicSync-macOS.app"; sourceTree = BUILT_PRODUCTS_DIR; };
68DC10842B617A5B1EC8B448 = { isa = PBXFileReference; lastKnownFileType = sourcecode.swift; path = "AppShared/FileAudioSource.swift"; sourceTree = SOURCE_ROOT; };
6AEC5CAEB42C8A6B283FCEE0 = { isa = PBXFileReference; lastKnownFileType = text.plist.strings; name = ko; path = "AppShared/Resources/ko.lproj/Localizable.strings"; sourceTree = SOURCE_ROOT; };
70928CB170EF505188650CBF = { isa = PBXBuildFile; fileRef = B505FA28342D395A783EAAB3; };
716DF4DF490F637166A9FC45 = { isa = PBXBuildFile; fileRef = A6FBCA36FAAC40B23B73EEBE; };
71D7C5C152C6E3A6D0A96847 = { isa = PBXFileReference; lastKnownFileType = text.plist.strings; name = en; path = "AppShared/Resources/en.lproj/InfoPlist.strings"; sourceTree = SOURCE_ROOT; };
75CD6571CBE61858B725B1DD = { isa = XCBuildConfiguration; name = Debug; buildSettings = { PRODUCT_NAME = "MusicSync-macOS"; PRODUCT_BUNDLE_IDENTIFIER = "dev.acops.MusicSync.macOS"; INFOPLIST_FILE = "macOS/MusicSyncMac/Info.plist"; CODE_SIGN_ENTITLEMENTS = "macOS/MusicSyncMac/MusicSync.entitlements"; CODE_SIGN_STYLE = "Automatic"; SWIFT_VERSION = "5.0"; SWIFT_STRICT_CONCURRENCY = "minimal"; GENERATE_INFOPLIST_FILE = "NO"; CURRENT_PROJECT_VERSION = "5"; MARKETING_VERSION = "0.4.1"; ENABLE_USER_SCRIPT_SANDBOXING = "YES"; SWIFT_OPTIMIZATION_LEVEL = "-Onone"; SDKROOT = "macosx"; SUPPORTED_PLATFORMS = "macosx"; LD_RUNPATH_SEARCH_PATHS = "$(inherited) @executable_path/../Frameworks"; DEBUG_INFORMATION_FORMAT = "dwarf"; MACOSX_DEPLOYMENT_TARGET = "26.0"; ENABLE_APP_SANDBOX = "NO"; ENABLE_HARDENED_RUNTIME = "YES"; }; };
78EE6D1DE30C5B007ECF3434 = { isa = PBXFileReference; lastKnownFileType = sourcecode.swift; path = "AppShared/SpeakerLayout.swift"; sourceTree = SOURCE_ROOT; };
794D8BD14D42B46AE65B3525 = { isa = PBXResourcesBuildPhase; buildActionMask = 2147483647; files = (67A0BCBE59755D22F93F1700, DBBA22ECFF1A3AF0B1521220, 2C29A14C3CA0B2CAC74865EB, 215DC145D1376D93685D7BE1,); runOnlyForDeploymentPostprocessing = 0; };
797B063804030C7F5FD1B593 = { isa = PBXFrameworksBuildPhase; buildActionMask = 2147483647; files = (CD369600C01DA907AFB8D4E2,); runOnlyForDeploymentPostprocessing = 0; };
818E554723FE00CDAFD2146C = { isa = PBXBuildFile; fileRef = 6389F554FE31588D567BB196; settings = { ATTRIBUTES = (RemoveHeadersOnCopy,); }; };
843D7A3EBE8D00192D15195F = { isa = PBXBuildFile; fileRef = 103B021A7316F8D4FB8A74AF; };
862AF9DAE347E849552BB3A2 = { isa = PBXFileReference; lastKnownFileType = sourcecode.swift; path = "AppShared/ClientView.swift"; sourceTree = SOURCE_ROOT; };
88344038FE4DCE838E1608B9 = { isa = PBXBuildFile; fileRef = BDD870C220AE03F1C6CD5F4A; };
896B71D86EC2B8C298FDCE49 = { isa = PBXFileReference; lastKnownFileType = text.plist.strings; name = en; path = "AppShared/Resources/en.lproj/InfoPlist.strings"; sourceTree = SOURCE_ROOT; };
8A33423C1361BE22C051E6A7 = { isa = PBXVariantGroup; name = InfoPlist.strings; children = (896B71D86EC2B8C298FDCE49, 63E563821885E002907BEC5B,); sourceTree = "<group>"; };
8A4E5D1182AD87DD9EF10DF4 = { isa = PBXBuildFile; fileRef = BFA2CDCC970088779729CB0C; };
8A6FF1E91ED647067BBCAFF2 = { isa = XCSwiftPackageProductDependency; productName = MusicSyncCore; };
8B211071CDD1F0A63521E13B = { isa = PBXBuildFile; fileRef = 2753CAF16C08B2BED5974F05; };
8D89559AC08F696893715FC4 = { isa = PBXBuildFile; fileRef = 37D10FDC145676CCC9CE10A1; };
90061A5F4E19D1411B425E01 = { isa = XCConfigurationList; buildConfigurations = (ED8772ADEC3A6C25161BC957, 00F209874A1F7309F6DCEAA7,); defaultConfigurationIsVisible = 0; defaultConfigurationName = Release; };
9178DAFEEDF37470EC4C5B9A = { isa = PBXBuildFile; fileRef = 3635C4C68846258DC7F662BF; };
94018649ECD5C6A291CC26D9 = { isa = PBXFileReference; lastKnownFileType = sourcecode.swift; path = "AppShared/HelpView.swift"; sourceTree = SOURCE_ROOT; };
9499F574B72F608B710A176A = { isa = PBXVariantGroup; name = Localizable.strings; children = (078A4DA95FF2934EFCA5BC58, 5BB26C36F2903BA2F8E19DB9,); sourceTree = "<group>"; };
98BC44F3275E2CF5251186F5 = { isa = PBXFileReference; lastKnownFileType = sourcecode.swift; path = "AppShared/StatusPanel.swift"; sourceTree = SOURCE_ROOT; };
98F54143AB4E86B28C3AFEE0 = { isa = PBXProject; attributes = { BuildIndependentTargetsInParallel = YES; LastUpgradeCheck = 2600; }; buildConfigurationList = 90061A5F4E19D1411B425E01; compatibilityVersion = "Xcode 14.0"; developmentRegion = en; hasScannedForEncodings = 0; knownRegions = (en, ko, Base); mainGroup = 325F10A6957A34D66CB8C0E4; productRefGroup = FBDC4F23F93125BBEEAE800C; projectDirPath = ""; projectRoot = ""; packageReferences = (582681C2EAE02B3F3D399C0C,); targets = (AD99E148EF270E650E50579E, 04DA1A53B1F0E3B048F79A55, A681C96943E23AB977361464,); };
9A8C4EEDBC4D7F9480D9B76F = { isa = PBXGroup; name = MusicSyncMac; children = (F8830B944BC65201F4C5E0A9, 5C0B811C3F4C91B6335A83CC, F6B7FCF86C3F9AD93B80DE89, CF32A4BAB5AC30806E105B22, 862AF9DAE347E849552BB3A2, AC3CE5368B56D228EE6D543B, C0BC7C2F15880DC35EBA3C5E, 9D0585899393405FA4B81CEF, B14B8C2905DF81A13277FDF8, 37D10FDC145676CCC9CE10A1, BFA2CDCC970088779729CB0C, 24513AFB7B7F58BA972DAB79, A6FBCA36FAAC40B23B73EEBE, DE2869E4FA68873ABFAC0466, BB529FE20F5FB61F25FD8CA2, 78EE6D1DE30C5B007ECF3434, EBDFAE70FB729E97C603F46A,); sourceTree = "<group>"; };
9D0585899393405FA4B81CEF = { isa = PBXFileReference; lastKnownFileType = sourcecode.swift; path = "AppShared/HostModel.swift"; sourceTree = SOURCE_ROOT; };
A1397FB83954D884E45D7019 = { isa = XCConfigurationList; buildConfigurations = (75CD6571CBE61858B725B1DD, E887A3A1D40C2053B9B72CD7,); defaultConfigurationIsVisible = 0; defaultConfigurationName = Release; };
A681C96943E23AB977361464 = { isa = PBXNativeTarget; buildConfigurationList = C1DC4F6887827BFCAC5856BB; buildPhases = (3CA6A84EAF535B571B073F78, 06F58C526AF9FF3870DF5486, 2B35597B0898E5625A32CF47,); buildRules = (); dependencies = (); name = MusicSyncWidgets; packageProductDependencies = (); productName = MusicSyncWidgets; productReference = 6389F554FE31588D567BB196; productType = "com.apple.product-type.app-extension"; };
A6FBCA36FAAC40B23B73EEBE = { isa = PBXFileReference; lastKnownFileType = sourcecode.swift; path = "AppShared/Localization.swift"; sourceTree = SOURCE_ROOT; };
AC3CE5368B56D228EE6D543B = { isa = PBXFileReference; lastKnownFileType = sourcecode.swift; path = "AppShared/FileAudioSource.swift"; sourceTree = SOURCE_ROOT; };
AD99E148EF270E650E50579E = { isa = PBXNativeTarget; buildConfigurationList = A1397FB83954D884E45D7019; buildPhases = (C592042E65F200FC553D0E27, 797B063804030C7F5FD1B593, 794D8BD14D42B46AE65B3525,); buildRules = (); dependencies = (); name = MusicSyncMac; packageProductDependencies = (8A6FF1E91ED647067BBCAFF2,); productName = "MusicSync-macOS"; productReference = 680E9E75B352F72AA26B0A35; productType = "com.apple.product-type.application"; };
ADD3E21102B75BB3D6E7FB64 = { isa = PBXBuildFile; fileRef = B14B8C2905DF81A13277FDF8; };
B135C34DFCF06FCFB81FBFC7 = { isa = PBXFileReference; lastKnownFileType = sourcecode.swift; path = "AppShared/MusicSyncRootView.swift"; sourceTree = SOURCE_ROOT; };
B14B8C2905DF81A13277FDF8 = { isa = PBXFileReference; lastKnownFileType = sourcecode.swift; path = "AppShared/HostView.swift"; sourceTree = SOURCE_ROOT; };
B505FA28342D395A783EAAB3 = { isa = PBXFileReference; lastKnownFileType = sourcecode.swift; path = "AppShared/AudioSource.swift"; sourceTree = SOURCE_ROOT; };
B5C32C975FCF3BC1F3FF2068 = { isa = PBXFileReference; lastKnownFileType = sourcecode.swift; path = "AppShared/LocalAddress.swift"; sourceTree = SOURCE_ROOT; };
B5DE7AD489C11F7A5F68EAB3 = { isa = PBXFileReference; lastKnownFileType = sourcecode.swift; path = "iOS/MusicSynciOS/MusicLibraryPicker.swift"; sourceTree = SOURCE_ROOT; };
B87988323F897C9E4EFF54A2 = { isa = XCSwiftPackageProductDependency; productName = MusicSyncCore; };
B910D47EC83A93CEF489DE74 = { isa = PBXBuildFile; fileRef = B5DE7AD489C11F7A5F68EAB3; };
BB529FE20F5FB61F25FD8CA2 = { isa = PBXFileReference; lastKnownFileType = sourcecode.swift; path = "AppShared/PCMPlayer.swift"; sourceTree = SOURCE_ROOT; };
BBEECA92A3D9D70421ACB637 = { isa = PBXBuildFile; fileRef = CF32A4BAB5AC30806E105B22; };
BDD870C220AE03F1C6CD5F4A = { isa = PBXFileReference; lastKnownFileType = sourcecode.swift; path = "AppShared/HostView.swift"; sourceTree = SOURCE_ROOT; };
BED9A8B7EB22AA191F052778 = { isa = PBXBuildFile; fileRef = 4815B5116AA66A2BEF3C490B; };
BEE048368C1EE11A01468DF8 = { isa = PBXBuildFile; fileRef = 50FA303819983CBF3073E109; };
BF43E4008AF50F434B09DAA6 = { isa = PBXFileReference; lastKnownFileType = sourcecode.swift; path = "AppShared/ClientView.swift"; sourceTree = SOURCE_ROOT; };
BFA2CDCC970088779729CB0C = { isa = PBXFileReference; lastKnownFileType = sourcecode.swift; path = "AppShared/LiveAttributes.swift"; sourceTree = SOURCE_ROOT; };
C0346031C4527F3EFA07E204 = { isa = PBXFileReference; lastKnownFileType = text; path = NOTICE; sourceTree = SOURCE_ROOT; };
C0BC7C2F15880DC35EBA3C5E = { isa = PBXFileReference; lastKnownFileType = sourcecode.swift; path = "AppShared/HelpView.swift"; sourceTree = SOURCE_ROOT; };
C1DC4F6887827BFCAC5856BB = { isa = XCConfigurationList; buildConfigurations = (C3827331E209E5CB158A99EF, FBE46773BCCB18988F688F47,); defaultConfigurationIsVisible = 0; defaultConfigurationName = Release; };
C3827331E209E5CB158A99EF = { isa = XCBuildConfiguration; name = Debug; buildSettings = { PRODUCT_NAME = "MusicSyncWidgets"; PRODUCT_BUNDLE_IDENTIFIER = "dev.acops.MusicSync.iOS.widgets"; INFOPLIST_FILE = "iOS/MusicSyncWidgets/Info.plist"; CODE_SIGN_STYLE = "Automatic"; SWIFT_VERSION = "5.0"; SWIFT_STRICT_CONCURRENCY = "minimal"; GENERATE_INFOPLIST_FILE = "NO"; CURRENT_PROJECT_VERSION = "5"; MARKETING_VERSION = "0.4.1"; SDKROOT = "iphoneos"; SUPPORTED_PLATFORMS = "iphoneos iphonesimulator"; IPHONEOS_DEPLOYMENT_TARGET = "26.0"; TARGETED_DEVICE_FAMILY = "1,2"; SKIP_INSTALL = "YES"; APPLICATION_EXTENSION_API_ONLY = "YES"; LD_RUNPATH_SEARCH_PATHS = "$(inherited) @executable_path/Frameworks @executable_path/../../Frameworks"; SWIFT_OPTIMIZATION_LEVEL = "-Onone"; }; };
C52A8B472931D0868B2AF40A = { isa = PBXBuildFile; fileRef = BB529FE20F5FB61F25FD8CA2; };
C592042E65F200FC553D0E27 = { isa = PBXSourcesBuildPhase; buildActionMask = 2147483647; files = (F854D7D85B6DE08AF4D5F7CB, 58AA90C12A05D13CC0530497, 0E26D91D2817B26C9EDE5ECB, BBEECA92A3D9D70421ACB637, E7AA56DAD2B4ABD70FCB6C19, EAA080E38C217DFB6FD8591F, EA320FB3C065829AC3F1EA44, 5B396C8D4696298BA4EBF011, ADD3E21102B75BB3D6E7FB64, 8D89559AC08F696893715FC4, 8A4E5D1182AD87DD9EF10DF4, FB8943AFF80AA4165CC8D0F0, 716DF4DF490F637166A9FC45, F3215D2792DD16A569C6CABB, C52A8B472931D0868B2AF40A, DB8ED2C2ED2897D1620972FB, 4E09D233EAB29B024E9D5F2F,); runOnlyForDeploymentPostprocessing = 0; };
CD369600C01DA907AFB8D4E2 = { isa = PBXBuildFile; productRef = 8A6FF1E91ED647067BBCAFF2; };
CF17BB64F055A2EE9E90A359 = { isa = PBXVariantGroup; name = InfoPlist.strings; children = (71D7C5C152C6E3A6D0A96847, 6095B267D47593C0E451A73F,); sourceTree = "<group>"; };
CF32A4BAB5AC30806E105B22 = { isa = PBXFileReference; lastKnownFileType = sourcecode.swift; path = "AppShared/ClientModel.swift"; sourceTree = SOURCE_ROOT; };
D545B83D9AD80CD807E32E56 = { isa = PBXBuildFile; fileRef = EE6077F601DA9E5BB143FA88; };
D6B1C22D5DB94CB96B989E79 = { isa = PBXVariantGroup; name = InfoPlist.strings; children = (42AB3C36C8520618FBB952BE, 30073A83D58C85421FCC59F0,); sourceTree = "<group>"; };
D6F2AD20C07C50CEEBE21670 = { isa = PBXVariantGroup; name = Localizable.strings; children = (1F0CDF9455FF3F5A901F4F56, 6AEC5CAEB42C8A6B283FCEE0,); sourceTree = "<group>"; };
DB8ED2C2ED2897D1620972FB = { isa = PBXBuildFile; fileRef = 78EE6D1DE30C5B007ECF3434; };
DBBA22ECFF1A3AF0B1521220 = { isa = PBXBuildFile; fileRef = 8A33423C1361BE22C051E6A7; };
DCE08F7271932CA0456E2AAB = { isa = PBXGroup; name = MusicSynciOS; children = (B5DE7AD489C11F7A5F68EAB3, 4DA39684E4060F2C2D1D84DD, B505FA28342D395A783EAAB3, 6474500F6B5D1F314965E9A3, BF43E4008AF50F434B09DAA6, 68DC10842B617A5B1EC8B448, 94018649ECD5C6A291CC26D9, 2753CAF16C08B2BED5974F05, BDD870C220AE03F1C6CD5F4A, 631A8428EE6FFC1A5E247374, EE6077F601DA9E5BB143FA88, B5C32C975FCF3BC1F3FF2068, 58D47A329C2AFFE8C771AB03, B135C34DFCF06FCFB81FBFC7, 454D7185058F24EDDDC27C2A, 3635C4C68846258DC7F662BF, 98BC44F3275E2CF5251186F5,); sourceTree = "<group>"; };
DDA134DB85FCE4510F209389 = { isa = PBXBuildFile; fileRef = 64D2BED8EC2F919BD6EA0AE7; };
DE2869E4FA68873ABFAC0466 = { isa = PBXFileReference; lastKnownFileType = sourcecode.swift; path = "AppShared/MusicSyncRootView.swift"; sourceTree = SOURCE_ROOT; };
DF74DDDF6915F8D343174255 = { isa = PBXBuildFile; fileRef = B135C34DFCF06FCFB81FBFC7; };
E06F4DC4AC427382C711E3A5 = { isa = PBXBuildFile; fileRef = 6474500F6B5D1F314965E9A3; };
E270151F2F20618A7EBB2D5C = { isa = XCConfigurationList; buildConfigurations = (1516F36D32D686B8F6AFC11B, 64C49F0A31A62EE812570DCB,); defaultConfigurationIsVisible = 0; defaultConfigurationName = Release; };
E33B499267C2F005C567642A = { isa = PBXBuildFile; fileRef = 68DC10842B617A5B1EC8B448; };
E402E7EE51E91AD6C8291750 = { isa = PBXCopyFilesBuildPhase; buildActionMask = 2147483647; dstPath = ""; dstSubfolderSpec = 13; files = (818E554723FE00CDAFD2146C,); name = "Embed App Extensions"; runOnlyForDeploymentPostprocessing = 0; };
E78565E89675F6D872D2055E = { isa = PBXBuildFile; fileRef = 631A8428EE6FFC1A5E247374; };
E7AA56DAD2B4ABD70FCB6C19 = { isa = PBXBuildFile; fileRef = 862AF9DAE347E849552BB3A2; };
E887A3A1D40C2053B9B72CD7 = { isa = XCBuildConfiguration; name = Release; buildSettings = { PRODUCT_NAME = "MusicSync-macOS"; PRODUCT_BUNDLE_IDENTIFIER = "dev.acops.MusicSync.macOS"; INFOPLIST_FILE = "macOS/MusicSyncMac/Info.plist"; CODE_SIGN_ENTITLEMENTS = "macOS/MusicSyncMac/MusicSync.entitlements"; CODE_SIGN_STYLE = "Automatic"; SWIFT_VERSION = "5.0"; SWIFT_STRICT_CONCURRENCY = "minimal"; GENERATE_INFOPLIST_FILE = "NO"; CURRENT_PROJECT_VERSION = "5"; MARKETING_VERSION = "0.4.1"; ENABLE_USER_SCRIPT_SANDBOXING = "YES"; SWIFT_OPTIMIZATION_LEVEL = "-O"; SDKROOT = "macosx"; SUPPORTED_PLATFORMS = "macosx"; LD_RUNPATH_SEARCH_PATHS = "$(inherited) @executable_path/../Frameworks"; DEBUG_INFORMATION_FORMAT = "dwarf-with-dsym"; MACOSX_DEPLOYMENT_TARGET = "26.0"; ENABLE_APP_SANDBOX = "NO"; ENABLE_HARDENED_RUNTIME = "YES"; }; };
E9007F26358084BC178B89FA = { isa = PBXTargetDependency; target = A681C96943E23AB977361464; targetProxy = F074B5D4D4B72F6C3B621CD7; };
EA320FB3C065829AC3F1EA44 = { isa = PBXBuildFile; fileRef = C0BC7C2F15880DC35EBA3C5E; };
EAA080E38C217DFB6FD8591F = { isa = PBXBuildFile; fileRef = AC3CE5368B56D228EE6D543B; };
EBDFAE70FB729E97C603F46A = { isa = PBXFileReference; lastKnownFileType = sourcecode.swift; path = "AppShared/StatusPanel.swift"; sourceTree = SOURCE_ROOT; };
ED8772ADEC3A6C25161BC957 = { isa = XCBuildConfiguration; name = Debug; buildSettings = { SWIFT_VERSION = 5.0; CLANG_ENABLE_MODULES = YES; }; };
EE6077F601DA9E5BB143FA88 = { isa = PBXFileReference; lastKnownFileType = sourcecode.swift; path = "AppShared/LiveAttributes.swift"; sourceTree = SOURCE_ROOT; };
EE667E6736232EAAF8369796 = { isa = PBXBuildFile; fileRef = 94018649ECD5C6A291CC26D9; };
F074B5D4D4B72F6C3B621CD7 = { isa = PBXContainerItemProxy; containerPortal = 98F54143AB4E86B28C3AFEE0; proxyType = 1; remoteGlobalIDString = A681C96943E23AB977361464; remoteInfo = MusicSyncWidgets; };
F3215D2792DD16A569C6CABB = { isa = PBXBuildFile; fileRef = DE2869E4FA68873ABFAC0466; };
F6B7FCF86C3F9AD93B80DE89 = { isa = PBXFileReference; lastKnownFileType = sourcecode.swift; path = "AppShared/AudioSource.swift"; sourceTree = SOURCE_ROOT; };
F854D7D85B6DE08AF4D5F7CB = { isa = PBXBuildFile; fileRef = F8830B944BC65201F4C5E0A9; };
F8830B944BC65201F4C5E0A9 = { isa = PBXFileReference; lastKnownFileType = sourcecode.swift; path = "macOS/MusicSyncMac/Capture.swift"; sourceTree = SOURCE_ROOT; };
FB8943AFF80AA4165CC8D0F0 = { isa = PBXBuildFile; fileRef = 24513AFB7B7F58BA972DAB79; };
FBDC4F23F93125BBEEAE800C = { isa = PBXGroup; name = Products; children = (680E9E75B352F72AA26B0A35, 675189A2D2B20CFE9D21C239, 6389F554FE31588D567BB196,); sourceTree = "<group>"; };
FBE46773BCCB18988F688F47 = { isa = XCBuildConfiguration; name = Release; buildSettings = { PRODUCT_NAME = "MusicSyncWidgets"; PRODUCT_BUNDLE_IDENTIFIER = "dev.acops.MusicSync.iOS.widgets"; INFOPLIST_FILE = "iOS/MusicSyncWidgets/Info.plist"; CODE_SIGN_STYLE = "Automatic"; SWIFT_VERSION = "5.0"; SWIFT_STRICT_CONCURRENCY = "minimal"; GENERATE_INFOPLIST_FILE = "NO"; CURRENT_PROJECT_VERSION = "5"; MARKETING_VERSION = "0.4.1"; SDKROOT = "iphoneos"; SUPPORTED_PLATFORMS = "iphoneos iphonesimulator"; IPHONEOS_DEPLOYMENT_TARGET = "26.0"; TARGETED_DEVICE_FAMILY = "1,2"; SKIP_INSTALL = "YES"; APPLICATION_EXTENSION_API_ONLY = "YES"; LD_RUNPATH_SEARCH_PATHS = "$(inherited) @executable_path/Frameworks @executable_path/../../Frameworks"; SWIFT_OPTIMIZATION_LEVEL = "-O"; }; };
}; rootObject = 98F54143AB4E86B28C3AFEE0; }
